
Microsoft Visual Studio Solution File, Format Version 12.00
# Visual Studio Version 17
VisualStudioVersion = 17.11.35222.181
MinimumVisualStudioVersion = 10.0.40219.1
Project("{FAE04EC0-301F-11D3-BF4B-00C04F79EFBC}") = "Bilheteria", "Bilheteria\Bilheteria.csproj", "{5C81BE65-03E8-4A2F-88E1-15AF10D3F530}"
EndProject
Global
	GlobalSection(SolutionConfigurationPlatforms) = preSolution
		Debug|Any CPU = Debug|Any CPU
		Release|Any CPU = Release|Any CPU
	EndGlobalSection
	GlobalSection(ProjectConfigurationPlatforms) = postSolution
		{5C81BE65-03E8-4A2F-88E1-15AF10D3F530}.Debug|Any CPU.ActiveCfg = Debug|Any CPU
		{5C81BE65-03E8-4A2F-88E1-15AF10D3F530}.Debug|Any CPU.Build.0 = Debug|Any CPU
		{5C81BE65-03E8-4A2F-88E1-15AF10D3F530}.Release|Any CPU.ActiveCfg = Release|Any CPU
		{5C81BE65-03E8-4A2F-88E1-15AF10D3F530}.Release|Any CPU.Build.0 = Release|Any CPU
	EndGlobalSection
	GlobalSection(SolutionProperties) = preSolution
		HideSolutionNode = FALSE
	EndGlobalSection
	GlobalSection(ExtensibilityGlobals) = postSolution
		SolutionGuid = {0052D101-BDB8-42D0-B679-9599F6323C7C}
	EndGlobalSection
EndGlobal
